%{
  "doctest_formatter": {:hex, :doctest_formatter, "0.3.0", "19da9fd0d9d1e895f86d7508f1962d8a16393277f73aba1066dddb3d2adcdfc8", [:mix], [], "hexpm", "485f4dab4fc65ecf18aa342d285b393db16814d828caa671c42f9f781b68cf5a"},
  "estructura": {:hex, :estructura, "1.5.0", "2085633756e42b4e5c997f4bbf93d458c2a446c5ebf933ccb237bb84857def3a", [:mix], [{:doctest_formatter, "~> 0.2", [hex: :doctest_formatter, repo: "hexpm", optional: false]}, {:jason, "~> 1.0", [hex: :jason, repo: "hexpm", optional: true]}, {:stream_data, "~> 1.0", [hex: :stream_data, repo: "hexpm", optional: false]}], "hexpm", "ae5d0465e2ad171418cd6b4709d7af16d8fea5f469f115ab9d6f27326acd24f5"},
  "finitomata": {:hex, :finitomata, "0.26.4", "a6d65c9ee63a89bc37bd70e3e75aa7c0895f753751c3eb5681c50bde33d4a5f1", [:mix], [{:estructura, "~> 1.4", [hex: :estructura, repo: "hexpm", optional: false]}, {:gen_stage, "~> 1.0", [hex: :gen_stage, repo: "hexpm", optional: false]}, {:nimble_options, "~> 0.3 or ~> 1.0", [hex: :nimble_options, repo: "hexpm", optional: false]}, {:nimble_parsec, "~> 1.0", [hex: :nimble_parsec, repo: "hexpm", optional: false]}, {:stream_data, "~> 1.0", [hex: :stream_data, repo: "hexpm", optional: false]}], "hexpm", "5b19f84a8501bead4a0c39b6d34d17e3211ff4e8ed9d1fdcb1fd31d4a36d0f2a"},
  "gen_stage": {:hex, :gen_stage, "1.2.1", "19d8b5e9a5996d813b8245338a28246307fd8b9c99d1237de199d21efc4c76a1", [:mix], [], "hexpm", "83e8be657fa05b992ffa6ac1e3af6d57aa50aace8f691fcf696ff02f8335b001"},
  "mox": {:hex, :mox, "1.2.0", "a2cd96b4b80a3883e3100a221e8adc1b98e4c3a332a8fc434c39526babafd5b3", [:mix], [{:nimble_ownership, "~> 1.0", [hex: :nimble_ownership, repo: "hexpm", optional: false]}], "hexpm", "c7b92b3cc69ee24a7eeeaf944cd7be22013c52fcb580c1f33f50845ec821089a"},
  "nimble_options": {:hex, :nimble_options, "1.1.1", "e3a492d54d85fc3fd7c5baf411d9d2852922f66e69476317787a7b2bb000a61b", [:mix], [], "hexpm", "821b2470ca9442c4b6984882fe9bb0389371b8ddec4d45a9504f00a66f650b44"},
  "nimble_ownership": {:hex, :nimble_ownership, "1.0.0", "3f87744d42c21b2042a0aa1d48c83c77e6dd9dd357e425a038dd4b49ba8b79a1", [:mix], [], "hexpm", "7c16cc74f4e952464220a73055b557a273e8b1b7ace8489ec9d86e9ad56cb2cc"},
  "nimble_parsec": {:hex, :nimble_parsec, "1.4.0", "51f9b613ea62cfa97b25ccc2c1b4216e81df970acd8e16e8d1bdc58fef21370d", [:mix], [], "hexpm", "9c565862810fb383e9838c1dd2d7d2c437b3d13b267414ba6af33e50d2d1cf28"},
  "stream_data": {:hex, :stream_data, "1.1.2", "05499eaec0443349ff877aaabc6e194e82bda6799b9ce6aaa1aadac15a9fdb4d", [:mix], [], "hexpm", "129558d2c77cbc1eb2f4747acbbea79e181a5da51108457000020a906813a1a9"},
}
